
Microsoft Visual Studio Solution File, Format Version 12.00
# Visual Studio 15
VisualStudioVersion = 15.0.26403.3
MinimumVisualStudioVersion = 10.0.40219.1
Project("{FAE04EC0-301F-11D3-BF4B-00C04F79EFBC}") = "MarieANToinette.Android", "MarieANToinette\MarieANToinette.Android\MarieANToinette.Android.csproj", "{154309F2-FCE1-4F06-BAF7-7B57C3CC8673}"
EndProject
Project("{FAE04EC0-301F-11D3-BF4B-00C04F79EFBC}") = "MarieANToinette", "MarieANToinette\MarieANToinette\MarieANToinette.csproj", "{5D591EE2-66C6-4318-A056-71FD28A3217B}"
EndProject
Project("{FAE04EC0-301F-11D3-BF4B-00C04F79EFBC}") = "MarieANToinette.UWP", "MarieANToinette\MarieANToinette.UWP\MarieANToinette.UWP.csproj", "{454AA415-F270-46BD-AA1E-DCB6502AD925}"
EndProject
Project("{FAE04EC0-301F-11D3-BF4B-00C04F79EFBC}") = "MarieANToinette.iOS", "MarieANToinette\MarieANToinette.iOS\MarieANToinette.iOS.csproj", "{231681F2-1AF2-48AE-8B8E-915ABF76914D}"
EndProject
Global
	GlobalSection(SolutionConfigurationPlatforms) = preSolution
		Ad-Hoc|Any CPU = Ad-Hoc|Any CPU
		Ad-Hoc|ARM = Ad-Hoc|ARM
		Ad-Hoc|iPhone = Ad-Hoc|iPhone
		Ad-Hoc|iPhoneSimulator = Ad-Hoc|iPhoneSimulator
		Ad-Hoc|x64 = Ad-Hoc|x64
		Ad-Hoc|x86 = Ad-Hoc|x86
		AppStore|Any CPU = AppStore|Any CPU
		AppStore|ARM = AppStore|ARM
		AppStore|iPhone = AppStore|iPhone
		AppStore|iPhoneSimulator = AppStore|iPhoneSimulator
		AppStore|x64 = AppStore|x64
		AppStore|x86 = AppStore|x86
		Debug|Any CPU = Debug|Any CPU
		Debug|ARM = Debug|ARM
		Debug|iPhone = Debug|iPhone
		Debug|iPhoneSimulator = Debug|iPhoneSimulator
		Debug|x64 = Debug|x64
		Debug|x86 = Debug|x86
		Release|Any CPU = Release|Any CPU
		Release|ARM = Release|ARM
		Release|iPhone = Release|iPhone
		Release|iPhoneSimulator = Release|iPhoneSimulator
		Release|x64 = Release|x64
		Release|x86 = Release|x86
	EndGlobalSection
	GlobalSection(ProjectConfigurationPlatforms) = postSolution
		{154309F2-FCE1-4F06-BAF7-7B57C3CC8673}.Ad-Hoc|Any CPU.ActiveCfg = Release|Any CPU
		{154309F2-FCE1-4F06-BAF7-7B57C3CC8673}.Ad-Hoc|Any CPU.Build.0 = Release|Any CPU
		{154309F2-FCE1-4F06-BAF7-7B57C3CC8673}.Ad-Hoc|Any CPU.Deploy.0 = Release|Any CPU
		{154309F2-FCE1-4F06-BAF7-7B57C3CC8673}.Ad-Hoc|ARM.ActiveCfg = Release|Any CPU
		{154309F2-FCE1-4F06-BAF7-7B57C3CC8673}.Ad-Hoc|ARM.Build.0 = Release|Any CPU
		{154309F2-FCE1-4F06-BAF7-7B57C3CC8673}.Ad-Hoc|ARM.Deploy.0 = Release|Any CPU
		{154309F2-FCE1-4F06-BAF7-7B57C3CC8673}.Ad-Hoc|iPhone.ActiveCfg = Release|Any CPU
		{154309F2-FCE1-4F06-BAF7-7B57C3CC8673}.Ad-Hoc|iPhone.Build.0 = Release|Any CPU
		{154309F2-FCE1-4F06-BAF7-7B57C3CC8673}.Ad-Hoc|iPhone.Deploy.0 = Release|Any CPU
		{154309F2-FCE1-4F06-BAF7-7B57C3CC8673}.Ad-Hoc|iPhoneSimulator.ActiveCfg = Release|Any CPU
		{154309F2-FCE1-4F06-BAF7-7B57C3CC8673}.Ad-Hoc|iPhoneSimulator.Build.0 = Release|Any CPU
		{154309F2-FCE1-4F06-BAF7-7B57C3CC8673}.Ad-Hoc|iPhoneSimulator.Deploy.0 = Release|Any CPU
		{154309F2-FCE1-4F06-BAF7-7B57C3CC8673}.Ad-Hoc|x64.ActiveCfg = Release|Any CPU
		{154309F2-FCE1-4F06-BAF7-7B57C3CC8673}.Ad-Hoc|x64.Build.0 = Release|Any CPU
		{154309F2-FCE1-4F06-BAF7-7B57C3CC8673}.Ad-Hoc|x64.Deploy.0 = Release|Any CPU
		{154309F2-FCE1-4F06-BAF7-7B57C3CC8673}.Ad-Hoc|x86.ActiveCfg = Release|Any CPU
		{154309F2-FCE1-4F06-BAF7-7B57C3CC8673}.Ad-Hoc|x86.Build.0 = Release|Any CPU
		{154309F2-FCE1-4F06-BAF7-7B57C3CC8673}.Ad-Hoc|x86.Deploy.0 = Release|Any CPU
		{154309F2-FCE1-4F06-BAF7-7B57C3CC8673}.AppStore|Any CPU.ActiveCfg = Release|Any CPU
		{154309F2-FCE1-4F06-BAF7-7B57C3CC8673}.AppStore|Any CPU.Build.0 = Release|Any CPU
		{154309F2-FCE1-4F06-BAF7-7B57C3CC8673}.AppStore|Any CPU.Deploy.0 = Release|Any CPU
		{154309F2-FCE1-4F06-BAF7-7B57C3CC8673}.AppStore|ARM.ActiveCfg = Release|Any CPU
		{154309F2-FCE1-4F06-BAF7-7B57C3CC8673}.AppStore|ARM.Build.0 = Release|Any CPU
		{154309F2-FCE1-4F06-BAF7-7B57C3CC8673}.AppStore|ARM.Deploy.0 = Release|Any CPU
		{154309F2-FCE1-4F06-BAF7-7B57C3CC8673}.AppStore|iPhone.ActiveCfg = Release|Any CPU
		{154309F2-FCE1-4F06-BAF7-7B57C3CC8673}.AppStore|iPhone.Build.0 = Release|Any CPU
		{154309F2-FCE1-4F06-BAF7-7B57C3CC8673}.AppStore|iPhone.Deploy.0 = Release|Any CPU
		{154309F2-FCE1-4F06-BAF7-7B57C3CC8673}.AppStore|iPhoneSimulator.ActiveCfg = Release|Any CPU
		{154309F2-FCE1-4F06-BAF7-7B57C3CC8673}.AppStore|iPhoneSimulator.Build.0 = Release|Any CPU
		{154309F2-FCE1-4F06-BAF7-7B57C3CC8673}.AppStore|iPhoneSimulator.Deploy.0 = Release|Any CPU
		{154309F2-FCE1-4F06-BAF7-7B57C3CC8673}.AppStore|x64.ActiveCfg = Release|Any CPU
		{154309F2-FCE1-4F06-BAF7-7B57C3CC8673}.AppStore|x64.Build.0 = Release|Any CPU
		{154309F2-FCE1-4F06-BAF7-7B57C3CC8673}.AppStore|x64.Deploy.0 = Release|Any CPU
		{154309F2-FCE1-4F06-BAF7-7B57C3CC8673}.AppStore|x86.ActiveCfg = Release|Any CPU
		{154309F2-FCE1-4F06-BAF7-7B57C3CC8673}.AppStore|x86.Build.0 = Release|Any CPU
		{154309F2-FCE1-4F06-BAF7-7B57C3CC8673}.AppStore|x86.Deploy.0 = Release|Any CPU
		{154309F2-FCE1-4F06-BAF7-7B57C3CC8673}.Debug|Any CPU.ActiveCfg = Debug|Any CPU
		{154309F2-FCE1-4F06-BAF7-7B57C3CC8673}.Debug|Any CPU.Build.0 = Debug|Any CPU
		{154309F2-FCE1-4F06-BAF7-7B57C3CC8673}.Debug|Any CPU.Deploy.0 = Debug|Any CPU
		{154309F2-FCE1-4F06-BAF7-7B57C3CC8673}.Debug|ARM.ActiveCfg = Debug|Any CPU
		{154309F2-FCE1-4F06-BAF7-7B57C3CC8673}.Debug|ARM.Build.0 = Debug|Any CPU
		{154309F2-FCE1-4F06-BAF7-7B57C3CC8673}.Debug|ARM.Deploy.0 = Debug|Any CPU
		{154309F2-FCE1-4F06-BAF7-7B57C3CC8673}.Debug|iPhone.ActiveCfg = Debug|Any CPU
		{154309F2-FCE1-4F06-BAF7-7B57C3CC8673}.Debug|iPhone.Build.0 = Debug|Any CPU
		{154309F2-FCE1-4F06-BAF7-7B57C3CC8673}.Debug|iPhone.Deploy.0 = Debug|Any CPU
		{154309F2-FCE1-4F06-BAF7-7B57C3CC8673}.Debug|iPhoneSimulator.ActiveCfg = Debug|Any CPU
		{154309F2-FCE1-4F06-BAF7-7B57C3CC8673}.Debug|iPhoneSimulator.Build.0 = Debug|Any CPU
		{154309F2-FCE1-4F06-BAF7-7B57C3CC8673}.Debug|iPhoneSimulator.Deploy.0 = Debug|Any CPU
		{154309F2-FCE1-4F06-BAF7-7B57C3CC8673}.Debug|x64.ActiveCfg = Debug|Any CPU
		{154309F2-FCE1-4F06-BAF7-7B57C3CC8673}.Debug|x64.Build.0 = Debug|Any CPU
		{154309F2-FCE1-4F06-BAF7-7B57C3CC8673}.Debug|x64.Deploy.0 = Debug|Any CPU
		{154309F2-FCE1-4F06-BAF7-7B57C3CC8673}.Debug|x86.ActiveCfg = Debug|Any CPU
		{154309F2-FCE1-4F06-BAF7-7B57C3CC8673}.Debug|x86.Build.0 = Debug|Any CPU
		{154309F2-FCE1-4F06-BAF7-7B57C3CC8673}.Debug|x86.Deploy.0 = Debug|Any CPU
		{154309F2-FCE1-4F06-BAF7-7B57C3CC8673}.Release|Any CPU.ActiveCfg = Release|Any CPU
		{154309F2-FCE1-4F06-BAF7-7B57C3CC8673}.Release|Any CPU.Build.0 = Release|Any CPU
		{154309F2-FCE1-4F06-BAF7-7B57C3CC8673}.Release|Any CPU.Deploy.0 = Release|Any CPU
		{154309F2-FCE1-4F06-BAF7-7B57C3CC8673}.Release|ARM.ActiveCfg = Release|Any CPU
		{154309F2-FCE1-4F06-BAF7-7B57C3CC8673}.Release|ARM.Build.0 = Release|Any CPU
		{154309F2-FCE1-4F06-BAF7-7B57C3CC8673}.Release|ARM.Deploy.0 = Release|Any CPU
		{154309F2-FCE1-4F06-BAF7-7B57C3CC8673}.Release|iPhone.ActiveCfg = Release|Any CPU
		{154309F2-FCE1-4F06-BAF7-7B57C3CC8673}.Release|iPhone.Build.0 = Release|Any CPU
		{154309F2-FCE1-4F06-BAF7-7B57C3CC8673}.Release|iPhone.Deploy.0 = Release|Any CPU
		{154309F2-FCE1-4F06-BAF7-7B57C3CC8673}.Release|iPhoneSimulator.ActiveCfg = Release|Any CPU
		{154309F2-FCE1-4F06-BAF7-7B57C3CC8673}.Release|iPhoneSimulator.Build.0 = Release|Any CPU
		{154309F2-FCE1-4F06-BAF7-7B57C3CC8673}.Release|iPhoneSimulator.Deploy.0 = Release|Any CPU
		{154309F2-FCE1-4F06-BAF7-7B57C3CC8673}.Release|x64.ActiveCfg = Release|Any CPU
		{154309F2-FCE1-4F06-BAF7-7B57C3CC8673}.Release|x64.Build.0 = Release|Any CPU
		{154309F2-FCE1-4F06-BAF7-7B57C3CC8673}.Release|x64.Deploy.0 = Release|Any CPU
		{154309F2-FCE1-4F06-BAF7-7B57C3CC8673}.Release|x86.ActiveCfg = Release|Any CPU
		{154309F2-FCE1-4F06-BAF7-7B57C3CC8673}.Release|x86.Build.0 = Release|Any CPU
		{154309F2-FCE1-4F06-BAF7-7B57C3CC8673}.Release|x86.Deploy.0 = Release|Any CPU
		{5D591EE2-66C6-4318-A056-71FD28A3217B}.Ad-Hoc|Any CPU.ActiveCfg = Release|Any CPU
		{5D591EE2-66C6-4318-A056-71FD28A3217B}.Ad-Hoc|Any CPU.Build.0 = Release|Any CPU
		{5D591EE2-66C6-4318-A056-71FD28A3217B}.Ad-Hoc|ARM.ActiveCfg = Release|Any CPU
		{5D591EE2-66C6-4318-A056-71FD28A3217B}.Ad-Hoc|ARM.Build.0 = Release|Any CPU
		{5D591EE2-66C6-4318-A056-71FD28A3217B}.Ad-Hoc|iPhone.ActiveCfg = Release|Any CPU
		{5D591EE2-66C6-4318-A056-71FD28A3217B}.Ad-Hoc|iPhone.Build.0 = Release|Any CPU
		{5D591EE2-66C6-4318-A056-71FD28A3217B}.Ad-Hoc|iPhoneSimulator.ActiveCfg = Release|Any CPU
		{5D591EE2-66C6-4318-A056-71FD28A3217B}.Ad-Hoc|iPhoneSimulator.Build.0 = Release|Any CPU
		{5D591EE2-66C6-4318-A056-71FD28A3217B}.Ad-Hoc|x64.ActiveCfg = Release|Any CPU
		{5D591EE2-66C6-4318-A056-71FD28A3217B}.Ad-Hoc|x64.Build.0 = Release|Any CPU
		{5D591EE2-66C6-4318-A056-71FD28A3217B}.Ad-Hoc|x86.ActiveCfg = Release|Any CPU
		{5D591EE2-66C6-4318-A056-71FD28A3217B}.Ad-Hoc|x86.Build.0 = Release|Any CPU
		{5D591EE2-66C6-4318-A056-71FD28A3217B}.AppStore|Any CPU.ActiveCfg = Release|Any CPU
		{5D591EE2-66C6-4318-A056-71FD28A3217B}.AppStore|Any CPU.Build.0 = Release|Any CPU
		{5D591EE2-66C6-4318-A056-71FD28A3217B}.AppStore|ARM.ActiveCfg = Release|Any CPU
		{5D591EE2-66C6-4318-A056-71FD28A3217B}.AppStore|ARM.Build.0 = Release|Any CPU
		{5D591EE2-66C6-4318-A056-71FD28A3217B}.AppStore|iPhone.ActiveCfg = Release|Any CPU
		{5D591EE2-66C6-4318-A056-71FD28A3217B}.AppStore|iPhone.Build.0 = Release|Any CPU
		{5D591EE2-66C6-4318-A056-71FD28A3217B}.AppStore|iPhoneSimulator.ActiveCfg = Release|Any CPU
		{5D591EE2-66C6-4318-A056-71FD28A3217B}.AppStore|iPhoneSimulator.Build.0 = Release|Any CPU
		{5D591EE2-66C6-4318-A056-71FD28A3217B}.AppStore|x64.ActiveCfg = Release|Any CPU
		{5D591EE2-66C6-4318-A056-71FD28A3217B}.AppStore|x64.Build.0 = Release|Any CPU
		{5D591EE2-66C6-4318-A056-71FD28A3217B}.AppStore|x86.ActiveCfg = Release|Any CPU
		{5D591EE2-66C6-4318-A056-71FD28A3217B}.AppStore|x86.Build.0 = Release|Any CPU
		{5D591EE2-66C6-4318-A056-71FD28A3217B}.Debug|Any CPU.ActiveCfg = Debug|Any CPU
		{5D591EE2-66C6-4318-A056-71FD28A3217B}.Debug|Any CPU.Build.0 = Debug|Any CPU
		{5D591EE2-66C6-4318-A056-71FD28A3217B}.Debug|ARM.ActiveCfg = Debug|Any CPU
		{5D591EE2-66C6-4318-A056-71FD28A3217B}.Debug|ARM.Build.0 = Debug|Any CPU
		{5D591EE2-66C6-4318-A056-71FD28A3217B}.Debug|iPhone.ActiveCfg = Debug|Any CPU
		{5D591EE2-66C6-4318-A056-71FD28A3217B}.Debug|iPhone.Build.0 = Debug|Any CPU
		{5D591EE2-66C6-4318-A056-71FD28A3217B}.Debug|iPhoneSimulator.ActiveCfg = Debug|Any CPU
		{5D591EE2-66C6-4318-A056-71FD28A3217B}.Debug|iPhoneSimulator.Build.0 = Debug|Any CPU
		{5D591EE2-66C6-4318-A056-71FD28A3217B}.Debug|x64.ActiveCfg = Debug|Any CPU
		{5D591EE2-66C6-4318-A056-71FD28A3217B}.Debug|x64.Build.0 = Debug|Any CPU
		{5D591EE2-66C6-4318-A056-71FD28A3217B}.Debug|x86.ActiveCfg = Debug|Any CPU
		{5D591EE2-66C6-4318-A056-71FD28A3217B}.Debug|x86.Build.0 = Debug|Any CPU
		{5D591EE2-66C6-4318-A056-71FD28A3217B}.Release|Any CPU.ActiveCfg = Release|Any CPU
		{5D591EE2-66C6-4318-A056-71FD28A3217B}.Release|Any CPU.Build.0 = Release|Any CPU
		{5D591EE2-66C6-4318-A056-71FD28A3217B}.Release|ARM.ActiveCfg = Release|Any CPU
		{5D591EE2-66C6-4318-A056-71FD28A3217B}.Release|ARM.Build.0 = Release|Any CPU
		{5D591EE2-66C6-4318-A056-71FD28A3217B}.Release|iPhone.ActiveCfg = Release|Any CPU
		{5D591EE2-66C6-4318-A056-71FD28A3217B}.Release|iPhone.Build.0 = Release|Any CPU
		{5D591EE2-66C6-4318-A056-71FD28A3217B}.Release|iPhoneSimulator.ActiveCfg = Release|Any CPU
		{5D591EE2-66C6-4318-A056-71FD28A3217B}.Release|iPhoneSimulator.Build.0 = Release|Any CPU
		{5D591EE2-66C6-4318-A056-71FD28A3217B}.Release|x64.ActiveCfg = Release|Any CPU
		{5D591EE2-66C6-4318-A056-71FD28A3217B}.Release|x64.Build.0 = Release|Any CPU
		{5D591EE2-66C6-4318-A056-71FD28A3217B}.Release|x86.ActiveCfg = Release|Any CPU
		{5D591EE2-66C6-4318-A056-71FD28A3217B}.Release|x86.Build.0 = Release|Any CPU
		{454AA415-F270-46BD-AA1E-DCB6502AD925}.Ad-Hoc|Any CPU.ActiveCfg = Release|x86
		{454AA415-F270-46BD-AA1E-DCB6502AD925}.Ad-Hoc|Any CPU.Build.0 = Release|x86
		{454AA415-F270-46BD-AA1E-DCB6502AD925}.Ad-Hoc|Any CPU.Deploy.0 = Release|x86
		{454AA415-F270-46BD-AA1E-DCB6502AD925}.Ad-Hoc|ARM.ActiveCfg = Release|ARM
		{454AA415-F270-46BD-AA1E-DCB6502AD925}.Ad-Hoc|ARM.Build.0 = Release|ARM
		{454AA415-F270-46BD-AA1E-DCB6502AD925}.Ad-Hoc|ARM.Deploy.0 = Release|ARM
		{454AA415-F270-46BD-AA1E-DCB6502AD925}.Ad-Hoc|iPhone.ActiveCfg = Release|x86
		{454AA415-F270-46BD-AA1E-DCB6502AD925}.Ad-Hoc|iPhone.Build.0 = Release|x86
		{454AA415-F270-46BD-AA1E-DCB6502AD925}.Ad-Hoc|iPhone.Deploy.0 = Release|x86
		{454AA415-F270-46BD-AA1E-DCB6502AD925}.Ad-Hoc|iPhoneSimulator.ActiveCfg = Release|x86
		{454AA415-F270-46BD-AA1E-DCB6502AD925}.Ad-Hoc|iPhoneSimulator.Build.0 = Release|x86
		{454AA415-F270-46BD-AA1E-DCB6502AD925}.Ad-Hoc|iPhoneSimulator.Deploy.0 = Release|x86
		{454AA415-F270-46BD-AA1E-DCB6502AD925}.Ad-Hoc|x64.ActiveCfg = Release|x64
		{454AA415-F270-46BD-AA1E-DCB6502AD925}.Ad-Hoc|x64.Build.0 = Release|x64
		{454AA415-F270-46BD-AA1E-DCB6502AD925}.Ad-Hoc|x64.Deploy.0 = Release|x64
		{454AA415-F270-46BD-AA1E-DCB6502AD925}.Ad-Hoc|x86.ActiveCfg = Release|x86
		{454AA415-F270-46BD-AA1E-DCB6502AD925}.Ad-Hoc|x86.Build.0 = Release|x86
		{454AA415-F270-46BD-AA1E-DCB6502AD925}.Ad-Hoc|x86.Deploy.0 = Release|x86
		{454AA415-F270-46BD-AA1E-DCB6502AD925}.AppStore|Any CPU.ActiveCfg = Release|x86
		{454AA415-F270-46BD-AA1E-DCB6502AD925}.AppStore|Any CPU.Build.0 = Release|x86
		{454AA415-F270-46BD-AA1E-DCB6502AD925}.AppStore|Any CPU.Deploy.0 = Release|x86
		{454AA415-F270-46BD-AA1E-DCB6502AD925}.AppStore|ARM.ActiveCfg = Release|ARM
		{454AA415-F270-46BD-AA1E-DCB6502AD925}.AppStore|ARM.Build.0 = Release|ARM
		{454AA415-F270-46BD-AA1E-DCB6502AD925}.AppStore|ARM.Deploy.0 = Release|ARM
		{454AA415-F270-46BD-AA1E-DCB6502AD925}.AppStore|iPhone.ActiveCfg = Release|x86
		{454AA415-F270-46BD-AA1E-DCB6502AD925}.AppStore|iPhone.Build.0 = Release|x86
		{454AA415-F270-46BD-AA1E-DCB6502AD925}.AppStore|iPhone.Deploy.0 = Release|x86
		{454AA415-F270-46BD-AA1E-DCB6502AD925}.AppStore|iPhoneSimulator.ActiveCfg = Release|x86
		{454AA415-F270-46BD-AA1E-DCB6502AD925}.AppStore|iPhoneSimulator.Build.0 = Release|x86
		{454AA415-F270-46BD-AA1E-DCB6502AD925}.AppStore|iPhoneSimulator.Deploy.0 = Release|x86
		{454AA415-F270-46BD-AA1E-DCB6502AD925}.AppStore|x64.ActiveCfg = Release|x64
		{454AA415-F270-46BD-AA1E-DCB6502AD925}.AppStore|x64.Build.0 = Release|x64
		{454AA415-F270-46BD-AA1E-DCB6502AD925}.AppStore|x64.Deploy.0 = Release|x64
		{454AA415-F270-46BD-AA1E-DCB6502AD925}.AppStore|x86.ActiveCfg = Release|x86
		{454AA415-F270-46BD-AA1E-DCB6502AD925}.AppStore|x86.Build.0 = Release|x86
		{454AA415-F270-46BD-AA1E-DCB6502AD925}.AppStore|x86.Deploy.0 = Release|x86
		{454AA415-F270-46BD-AA1E-DCB6502AD925}.Debug|Any CPU.ActiveCfg = Debug|x86
		{454AA415-F270-46BD-AA1E-DCB6502AD925}.Debug|ARM.ActiveCfg = Debug|ARM
		{454AA415-F270-46BD-AA1E-DCB6502AD925}.Debug|ARM.Build.0 = Debug|ARM
		{454AA415-F270-46BD-AA1E-DCB6502AD925}.Debug|ARM.Deploy.0 = Debug|ARM
		{454AA415-F270-46BD-AA1E-DCB6502AD925}.Debug|iPhone.ActiveCfg = Debug|x86
		{454AA415-F270-46BD-AA1E-DCB6502AD925}.Debug|iPhoneSimulator.ActiveCfg = Debug|x86
		{454AA415-F270-46BD-AA1E-DCB6502AD925}.Debug|x64.ActiveCfg = Debug|x64
		{454AA415-F270-46BD-AA1E-DCB6502AD925}.Debug|x64.Build.0 = Debug|x64
		{454AA415-F270-46BD-AA1E-DCB6502AD925}.Debug|x64.Deploy.0 = Debug|x64
		{454AA415-F270-46BD-AA1E-DCB6502AD925}.Debug|x86.ActiveCfg = Debug|x86
		{454AA415-F270-46BD-AA1E-DCB6502AD925}.Debug|x86.Build.0 = Debug|x86
		{454AA415-F270-46BD-AA1E-DCB6502AD925}.Debug|x86.Deploy.0 = Debug|x86
		{454AA415-F270-46BD-AA1E-DCB6502AD925}.Release|Any CPU.ActiveCfg = Release|x86
		{454AA415-F270-46BD-AA1E-DCB6502AD925}.Release|ARM.ActiveCfg = Release|ARM
		{454AA415-F270-46BD-AA1E-DCB6502AD925}.Release|ARM.Build.0 = Release|ARM
		{454AA415-F270-46BD-AA1E-DCB6502AD925}.Release|ARM.Deploy.0 = Release|ARM
		{454AA415-F270-46BD-AA1E-DCB6502AD925}.Release|iPhone.ActiveCfg = Release|x86
		{454AA415-F270-46BD-AA1E-DCB6502AD925}.Release|iPhoneSimulator.ActiveCfg = Release|x86
		{454AA415-F270-46BD-AA1E-DCB6502AD925}.Release|x64.ActiveCfg = Release|x64
		{454AA415-F270-46BD-AA1E-DCB6502AD925}.Release|x64.Build.0 = Release|x64
		{454AA415-F270-46BD-AA1E-DCB6502AD925}.Release|x64.Deploy.0 = Release|x64
		{454AA415-F270-46BD-AA1E-DCB6502AD925}.Release|x86.ActiveCfg = Release|x86
		{454AA415-F270-46BD-AA1E-DCB6502AD925}.Release|x86.Build.0 = Release|x86
		{454AA415-F270-46BD-AA1E-DCB6502AD925}.Release|x86.Deploy.0 = Release|x86
		{231681F2-1AF2-48AE-8B8E-915ABF76914D}.Ad-Hoc|Any CPU.ActiveCfg = Ad-Hoc|iPhone
		{231681F2-1AF2-48AE-8B8E-915ABF76914D}.Ad-Hoc|ARM.ActiveCfg = Ad-Hoc|iPhone
		{231681F2-1AF2-48AE-8B8E-915ABF76914D}.Ad-Hoc|iPhone.ActiveCfg = Ad-Hoc|iPhone
		{231681F2-1AF2-48AE-8B8E-915ABF76914D}.Ad-Hoc|iPhone.Build.0 = Ad-Hoc|iPhone
		{231681F2-1AF2-48AE-8B8E-915ABF76914D}.Ad-Hoc|iPhoneSimulator.ActiveCfg = Ad-Hoc|iPhoneSimulator
		{231681F2-1AF2-48AE-8B8E-915ABF76914D}.Ad-Hoc|iPhoneSimulator.Build.0 = Ad-Hoc|iPhoneSimulator
		{231681F2-1AF2-48AE-8B8E-915ABF76914D}.Ad-Hoc|x64.ActiveCfg = Ad-Hoc|iPhone
		{231681F2-1AF2-48AE-8B8E-915ABF76914D}.Ad-Hoc|x86.ActiveCfg = Ad-Hoc|iPhone
		{231681F2-1AF2-48AE-8B8E-915ABF76914D}.AppStore|Any CPU.ActiveCfg = AppStore|iPhone
		{231681F2-1AF2-48AE-8B8E-915ABF76914D}.AppStore|ARM.ActiveCfg = AppStore|iPhone
		{231681F2-1AF2-48AE-8B8E-915ABF76914D}.AppStore|iPhone.ActiveCfg = AppStore|iPhone
		{231681F2-1AF2-48AE-8B8E-915ABF76914D}.AppStore|iPhone.Build.0 = AppStore|iPhone
		{231681F2-1AF2-48AE-8B8E-915ABF76914D}.AppStore|iPhoneSimulator.ActiveCfg = AppStore|iPhoneSimulator
		{231681F2-1AF2-48AE-8B8E-915ABF76914D}.AppStore|iPhoneSimulator.Build.0 = AppStore|iPhoneSimulator
		{231681F2-1AF2-48AE-8B8E-915ABF76914D}.AppStore|x64.ActiveCfg = AppStore|iPhone
		{231681F2-1AF2-48AE-8B8E-915ABF76914D}.AppStore|x86.ActiveCfg = AppStore|iPhone
		{231681F2-1AF2-48AE-8B8E-915ABF76914D}.Debug|Any CPU.ActiveCfg = Debug|iPhone
		{231681F2-1AF2-48AE-8B8E-915ABF76914D}.Debug|ARM.ActiveCfg = Debug|iPhone
		{231681F2-1AF2-48AE-8B8E-915ABF76914D}.Debug|iPhone.ActiveCfg = Debug|iPhone
		{231681F2-1AF2-48AE-8B8E-915ABF76914D}.Debug|iPhone.Build.0 = Debug|iPhone
		{231681F2-1AF2-48AE-8B8E-915ABF76914D}.Debug|iPhoneSimulator.ActiveCfg = Debug|iPhoneSimulator
		{231681F2-1AF2-48AE-8B8E-915ABF76914D}.Debug|iPhoneSimulator.Build.0 = Debug|iPhoneSimulator
		{231681F2-1AF2-48AE-8B8E-915ABF76914D}.Debug|x64.ActiveCfg = Debug|iPhone
		{231681F2-1AF2-48AE-8B8E-915ABF76914D}.Debug|x86.ActiveCfg = Debug|iPhone
		{231681F2-1AF2-48AE-8B8E-915ABF76914D}.Release|Any CPU.ActiveCfg = Release|iPhone
		{231681F2-1AF2-48AE-8B8E-915ABF76914D}.Release|ARM.ActiveCfg = Release|iPhone
		{231681F2-1AF2-48AE-8B8E-915ABF76914D}.Release|iPhone.ActiveCfg = Release|iPhone
		{231681F2-1AF2-48AE-8B8E-915ABF76914D}.Release|iPhone.Build.0 = Release|iPhone
		{231681F2-1AF2-48AE-8B8E-915ABF76914D}.Release|iPhoneSimulator.ActiveCfg = Release|iPhoneSimulator
		{231681F2-1AF2-48AE-8B8E-915ABF76914D}.Release|iPhoneSimulator.Build.0 = Release|iPhoneSimulator
		{231681F2-1AF2-48AE-8B8E-915ABF76914D}.Release|x64.ActiveCfg = Release|iPhone
		{231681F2-1AF2-48AE-8B8E-915ABF76914D}.Release|x86.ActiveCfg = Release|iPhone
	EndGlobalSection
	GlobalSection(SolutionProperties) = preSolution
		HideSolutionNode = FALSE
	EndGlobalSection
EndGlobal
